
Microsoft Visual Studio Solution File, Format Version 12.00
# Visual Studio Version 17
VisualStudioVersion = 17.5.33414.496
MinimumVisualStudioVersion = 10.0.40219.1
Project("{FAE04EC0-301F-11D3-BF4B-00C04F79EFBC}") = "CafeLibrary", "CafeLibrary.csproj", "{6A0F3E8E-DE81-4FE0-89F7-0EC21CE48492}"
EndProject
Global
	GlobalSection(SolutionConfigurationPlatforms) = preSolution
		Debug|Any CPU = Debug|Any CPU
		Release|Any CPU = Release|Any CPU
	EndGlobalSection
	GlobalSection(ProjectConfigurationPlatforms) = postSolution
		{6A0F3E8E-DE81-4FE0-89F7-0EC21CE48492}.Debug|Any CPU.ActiveCfg = Debug|Any CPU
		{6A0F3E8E-DE81-4FE0-89F7-0EC21CE48492}.Debug|Any CPU.Build.0 = Debug|Any CPU
		{6A0F3E8E-DE81-4FE0-89F7-0EC21CE48492}.Release|Any CPU.ActiveCfg = Release|Any CPU
		{6A0F3E8E-DE81-4FE0-89F7-0EC21CE48492}.Release|Any CPU.Build.0 = Release|Any CPU
	EndGlobalSection
	GlobalSection(SolutionProperties) = preSolution
		HideSolutionNode = FALSE
	EndGlobalSection
	GlobalSection(ExtensibilityGlobals) = postSolution
		SolutionGuid = {38D05532-C18A-4686-8E92-C4147948DBC1}
	EndGlobalSection
EndGlobal
